
Microsoft Visual Studio Solution File, Format Version 12.00
# Visual Studio 15
VisualStudioVersion = 15.0.28307.168
MinimumVisualStudioVersion = 10.0.40219.1
Project("{FAE04EC0-301F-11D3-BF4B-00C04F79EFBC}") = "Banco", "Banco\Banco.csproj", "{4399BC3A-3FA0-403D-AAFF-87E44F5277B2}"
EndProject
Global
	GlobalSection(SolutionConfigurationPlatforms) = preSolution
		Debug|Any CPU = Debug|Any CPU
		Release|Any CPU = Release|Any CPU
	EndGlobalSection
	GlobalSection(ProjectConfigurationPlatforms) = postSolution
		{4399BC3A-3FA0-403D-AAFF-87E44F5277B2}.Debug|Any CPU.ActiveCfg = Debug|Any CPU
		{4399BC3A-3FA0-403D-AAFF-87E44F5277B2}.Debug|Any CPU.Build.0 = Debug|Any CPU
		{4399BC3A-3FA0-403D-AAFF-87E44F5277B2}.Release|Any CPU.ActiveCfg = Release|Any CPU
		{4399BC3A-3FA0-403D-AAFF-87E44F5277B2}.Release|Any CPU.Build.0 = Release|Any CPU
	EndGlobalSection
	GlobalSection(SolutionProperties) = preSolution
		HideSolutionNode = FALSE
	EndGlobalSection
	GlobalSection(ExtensibilityGlobals) = postSolution
		SolutionGuid = {96B8637B-A701-4449-B02C-4650E3F62580}
	EndGlobalSection
EndGlobal
